
Microsoft Visual Studio Solution File, Format Version 12.00
# Visual Studio 14
VisualStudioVersion = 14.0.25420.1
MinimumVisualStudioVersion = 10.0.40219.1
Project("{FAE04EC0-301F-11D3-BF4B-00C04F79EFBC}") = "Foat.Collections", "Libraries\Foat\Collections\Foat.Collections.csproj", "{8EDD2050-80A7-47A5-9D5F-B5D5C0AC7A79}"
EndProject
Project("{FAE04EC0-301F-11D3-BF4B-00C04F79EFBC}") = "Foat.Hashing", "Libraries\Foat\Hashing\Foat.Hashing.csproj", "{335C2CEC-B336-476C-9CFE-17DD52E81860}"
EndProject
Project("{FAE04EC0-301F-11D3-BF4B-00C04F79EFBC}") = "Foat.Puzzles", "Libraries\Foat\Puzzles\Foat.Puzzles.csproj", "{10B7DE48-1AE6-495B-BFE1-8DD676EAFFB5}"
EndProject
Project("{2150E333-8FDC-42A3-9474-1A3956D46DE8}") = "Libraries", "Libraries", "{371B798D-F97E-402D-9624-DA69DA63AE38}"
EndProject
Project("{2150E333-8FDC-42A3-9474-1A3956D46DE8}") = "Library Test Console Apps", "Library Test Console Apps", "{637D3672-3E95-4BA0-A22B-919AB847F4F7}"
EndProject
Project("{FAE04EC0-301F-11D3-BF4B-00C04F79EFBC}") = "CollectionsTestConsole", "LibraryTestConsoles\CollectionsTestConsole\CollectionsTestConsole.csproj", "{DF45DF3F-0586-4ED6-88A1-C35499309191}"
EndProject
Project("{2150E333-8FDC-42A3-9474-1A3956D46DE8}") = "Puzzle Test Console Apps", "Puzzle Test Console Apps", "{80C42880-31F2-44E8-93BD-13BA15E6A7F6}"
EndProject
Project("{FAE04EC0-301F-11D3-BF4B-00C04F79EFBC}") = "RubiksCubePatternSetGenerator", "RubiksCubeConsoles\RubiksCubePatternSetGenerator\RubiksCubePatternSetGenerator.csproj", "{0721456B-71F5-4606-AB29-CDD58AEA6DEC}"
EndProject
Project("{FAE04EC0-301F-11D3-BF4B-00C04F79EFBC}") = "RubiksCubeSolver", "RubiksCubeConsoles\RubiksCubeSolver\RubiksCubeSolver.csproj", "{73B391C7-0C49-4947-BB9B-115AEE326088}"
EndProject
Project("{2150E333-8FDC-42A3-9474-1A3956D46DE8}") = "Solution Items", "Solution Items", "{AE318DA2-7470-4D2F-A6F9-CC707A29C1F2}"
	ProjectSection(SolutionItems) = preProject
		key.snk = key.snk
		LICENSE = LICENSE
		README.md = README.md
	EndProjectSection
EndProject
Project("{FAE04EC0-301F-11D3-BF4B-00C04F79EFBC}") = "NPuzzleSolver", "NPuzzleSolver\NPuzzleSolver.csproj", "{A9A4A921-FB08-4090-9B98-C0A9E06A4842}"
EndProject
Project("{FAE04EC0-301F-11D3-BF4B-00C04F79EFBC}") = "MinimalPerfectHashConsole", "LibraryTestConsoles\MinimalPerfectHashConsole\MinimalPerfectHashConsole.csproj", "{AF047E2E-E11C-448A-BCBE-9CDE27B1A678}"
EndProject
Project("{FAE04EC0-301F-11D3-BF4B-00C04F79EFBC}") = "ConcurrentMMFQueueTestConsole", "LibraryTestConsoles\ConcurrentMMFQueueTestConsole\ConcurrentMMFQueueTestConsole.csproj", "{BC42273A-0FF4-47C6-A608-6C1AB490E04A}"
EndProject
Project("{2150E333-8FDC-42A3-9474-1A3956D46DE8}") = "Unit Tests", "Unit Tests", "{74349D22-E179-4A00-8995-63F7EE7DFA73}"
EndProject
Project("{FAE04EC0-301F-11D3-BF4B-00C04F79EFBC}") = "Foat.Collections.Tests", "Unit Tests\Foat.Collections.Tests\Foat.Collections.Tests.csproj", "{776B75BD-02A2-47DC-9A13-7A8B6552E4CE}"
EndProject
Project("{FAE04EC0-301F-11D3-BF4B-00C04F79EFBC}") = "Foat", "Libraries\Foat\Foat.csproj", "{60B57F74-C556-41C7-BF31-E756647D4120}"
EndProject
Project("{FAE04EC0-301F-11D3-BF4B-00C04F79EFBC}") = "PermutationTestConsole", "PermutationTestConsole\PermutationTestConsole.csproj", "{77B9A029-0EE9-4D1F-9D92-1C4D457CD530}"
EndProject
Project("{FAE04EC0-301F-11D3-BF4B-00C04F79EFBC}") = "Foat.Tests", "Unit Tests\Foat.Tests\Foat.Tests.csproj", "{34186A23-2C39-4905-844D-4DF3D0985451}"
EndProject
Global
	GlobalSection(Performance) = preSolution
		HasPerformanceSessions = true
	EndGlobalSection
	GlobalSection(SolutionConfigurationPlatforms) = preSolution
		Debug|Any CPU = Debug|Any CPU
		Debug|Mixed Platforms = Debug|Mixed Platforms
		Debug|x64 = Debug|x64
		Release|Any CPU = Release|Any CPU
		Release|Mixed Platforms = Release|Mixed Platforms
		Release|x64 = Release|x64
	EndGlobalSection
	GlobalSection(ProjectConfigurationPlatforms) = postSolution
		{8EDD2050-80A7-47A5-9D5F-B5D5C0AC7A79}.Debug|Any CPU.ActiveCfg = Debug|Any CPU
		{8EDD2050-80A7-47A5-9D5F-B5D5C0AC7A79}.Debug|Any CPU.Build.0 = Debug|Any CPU
		{8EDD2050-80A7-47A5-9D5F-B5D5C0AC7A79}.Debug|Mixed Platforms.ActiveCfg = Debug|Any CPU
		{8EDD2050-80A7-47A5-9D5F-B5D5C0AC7A79}.Debug|Mixed Platforms.Build.0 = Debug|Any CPU
		{8EDD2050-80A7-47A5-9D5F-B5D5C0AC7A79}.Debug|x64.ActiveCfg = Debug|x64
		{8EDD2050-80A7-47A5-9D5F-B5D5C0AC7A79}.Debug|x64.Build.0 = Debug|x64
		{8EDD2050-80A7-47A5-9D5F-B5D5C0AC7A79}.Release|Any CPU.ActiveCfg = Release|Any CPU
		{8EDD2050-80A7-47A5-9D5F-B5D5C0AC7A79}.Release|Any CPU.Build.0 = Release|Any CPU
		{8EDD2050-80A7-47A5-9D5F-B5D5C0AC7A79}.Release|Mixed Platforms.ActiveCfg = Release|Any CPU
		{8EDD2050-80A7-47A5-9D5F-B5D5C0AC7A79}.Release|Mixed Platforms.Build.0 = Release|Any CPU
		{8EDD2050-80A7-47A5-9D5F-B5D5C0AC7A79}.Release|x64.ActiveCfg = Release|x64
		{8EDD2050-80A7-47A5-9D5F-B5D5C0AC7A79}.Release|x64.Build.0 = Release|x64
		{335C2CEC-B336-476C-9CFE-17DD52E81860}.Debug|Any CPU.ActiveCfg = Debug|Any CPU
		{335C2CEC-B336-476C-9CFE-17DD52E81860}.Debug|Any CPU.Build.0 = Debug|Any CPU
		{335C2CEC-B336-476C-9CFE-17DD52E81860}.Debug|Mixed Platforms.ActiveCfg = Debug|Any CPU
		{335C2CEC-B336-476C-9CFE-17DD52E81860}.Debug|Mixed Platforms.Build.0 = Debug|Any CPU
		{335C2CEC-B336-476C-9CFE-17DD52E81860}.Debug|x64.ActiveCfg = Debug|x64
		{335C2CEC-B336-476C-9CFE-17DD52E81860}.Debug|x64.Build.0 = Debug|x64
		{335C2CEC-B336-476C-9CFE-17DD52E81860}.Release|Any CPU.ActiveCfg = Release|Any CPU
		{335C2CEC-B336-476C-9CFE-17DD52E81860}.Release|Any CPU.Build.0 = Release|Any CPU
		{335C2CEC-B336-476C-9CFE-17DD52E81860}.Release|Mixed Platforms.ActiveCfg = Release|Any CPU
		{335C2CEC-B336-476C-9CFE-17DD52E81860}.Release|Mixed Platforms.Build.0 = Release|Any CPU
		{335C2CEC-B336-476C-9CFE-17DD52E81860}.Release|x64.ActiveCfg = Release|x64
		{335C2CEC-B336-476C-9CFE-17DD52E81860}.Release|x64.Build.0 = Release|x64
		{10B7DE48-1AE6-495B-BFE1-8DD676EAFFB5}.Debug|Any CPU.ActiveCfg = Debug|Any CPU
		{10B7DE48-1AE6-495B-BFE1-8DD676EAFFB5}.Debug|Any CPU.Build.0 = Debug|Any CPU
		{10B7DE48-1AE6-495B-BFE1-8DD676EAFFB5}.Debug|Mixed Platforms.ActiveCfg = Debug|Any CPU
		{10B7DE48-1AE6-495B-BFE1-8DD676EAFFB5}.Debug|Mixed Platforms.Build.0 = Debug|Any CPU
		{10B7DE48-1AE6-495B-BFE1-8DD676EAFFB5}.Debug|x64.ActiveCfg = Debug|x64
		{10B7DE48-1AE6-495B-BFE1-8DD676EAFFB5}.Debug|x64.Build.0 = Debug|x64
		{10B7DE48-1AE6-495B-BFE1-8DD676EAFFB5}.Release|Any CPU.ActiveCfg = Release|Any CPU
		{10B7DE48-1AE6-495B-BFE1-8DD676EAFFB5}.Release|Any CPU.Build.0 = Release|Any CPU
		{10B7DE48-1AE6-495B-BFE1-8DD676EAFFB5}.Release|Mixed Platforms.ActiveCfg = Release|Any CPU
		{10B7DE48-1AE6-495B-BFE1-8DD676EAFFB5}.Release|Mixed Platforms.Build.0 = Release|Any CPU
		{10B7DE48-1AE6-495B-BFE1-8DD676EAFFB5}.Release|x64.ActiveCfg = Release|x64
		{10B7DE48-1AE6-495B-BFE1-8DD676EAFFB5}.Release|x64.Build.0 = Release|x64
		{DF45DF3F-0586-4ED6-88A1-C35499309191}.Debug|Any CPU.ActiveCfg = Debug|Any CPU
		{DF45DF3F-0586-4ED6-88A1-C35499309191}.Debug|Any CPU.Build.0 = Debug|Any CPU
		{DF45DF3F-0586-4ED6-88A1-C35499309191}.Debug|Mixed Platforms.ActiveCfg = Debug|Any CPU
		{DF45DF3F-0586-4ED6-88A1-C35499309191}.Debug|Mixed Platforms.Build.0 = Debug|Any CPU
		{DF45DF3F-0586-4ED6-88A1-C35499309191}.Debug|x64.ActiveCfg = Debug|x64
		{DF45DF3F-0586-4ED6-88A1-C35499309191}.Debug|x64.Build.0 = Debug|x64
		{DF45DF3F-0586-4ED6-88A1-C35499309191}.Release|Any CPU.ActiveCfg = Release|Any CPU
		{DF45DF3F-0586-4ED6-88A1-C35499309191}.Release|Any CPU.Build.0 = Release|Any CPU
		{DF45DF3F-0586-4ED6-88A1-C35499309191}.Release|Mixed Platforms.ActiveCfg = Release|Any CPU
		{DF45DF3F-0586-4ED6-88A1-C35499309191}.Release|Mixed Platforms.Build.0 = Release|Any CPU
		{DF45DF3F-0586-4ED6-88A1-C35499309191}.Release|x64.ActiveCfg = Release|x64
		{DF45DF3F-0586-4ED6-88A1-C35499309191}.Release|x64.Build.0 = Release|x64
		{0721456B-71F5-4606-AB29-CDD58AEA6DEC}.Debug|Any CPU.ActiveCfg = Debug|Any CPU
		{0721456B-71F5-4606-AB29-CDD58AEA6DEC}.Debug|Any CPU.Build.0 = Debug|Any CPU
		{0721456B-71F5-4606-AB29-CDD58AEA6DEC}.Debug|Mixed Platforms.ActiveCfg = Debug|Any CPU
		{0721456B-71F5-4606-AB29-CDD58AEA6DEC}.Debug|Mixed Platforms.Build.0 = Debug|Any CPU
		{0721456B-71F5-4606-AB29-CDD58AEA6DEC}.Debug|x64.ActiveCfg = Debug|x64
		{0721456B-71F5-4606-AB29-CDD58AEA6DEC}.Debug|x64.Build.0 = Debug|x64
		{0721456B-71F5-4606-AB29-CDD58AEA6DEC}.Release|Any CPU.ActiveCfg = Release|Any CPU
		{0721456B-71F5-4606-AB29-CDD58AEA6DEC}.Release|Any CPU.Build.0 = Release|Any CPU
		{0721456B-71F5-4606-AB29-CDD58AEA6DEC}.Release|Mixed Platforms.ActiveCfg = Release|Any CPU
		{0721456B-71F5-4606-AB29-CDD58AEA6DEC}.Release|Mixed Platforms.Build.0 = Release|Any CPU
		{0721456B-71F5-4606-AB29-CDD58AEA6DEC}.Release|x64.ActiveCfg = Release|x64
		{0721456B-71F5-4606-AB29-CDD58AEA6DEC}.Release|x64.Build.0 = Release|x64
		{73B391C7-0C49-4947-BB9B-115AEE326088}.Debug|Any CPU.ActiveCfg = Debug|Any CPU
		{73B391C7-0C49-4947-BB9B-115AEE326088}.Debug|Any CPU.Build.0 = Debug|Any CPU
		{73B391C7-0C49-4947-BB9B-115AEE326088}.Debug|Mixed Platforms.ActiveCfg = Debug|Any CPU
		{73B391C7-0C49-4947-BB9B-115AEE326088}.Debug|Mixed Platforms.Build.0 = Debug|Any CPU
		{73B391C7-0C49-4947-BB9B-115AEE326088}.Debug|x64.ActiveCfg = Debug|x64
		{73B391C7-0C49-4947-BB9B-115AEE326088}.Debug|x64.Build.0 = Debug|x64
		{73B391C7-0C49-4947-BB9B-115AEE326088}.Release|Any CPU.ActiveCfg = Release|Any CPU
		{73B391C7-0C49-4947-BB9B-115AEE326088}.Release|Any CPU.Build.0 = Release|Any CPU
		{73B391C7-0C49-4947-BB9B-115AEE326088}.Release|Mixed Platforms.ActiveCfg = Release|Any CPU
		{73B391C7-0C49-4947-BB9B-115AEE326088}.Release|Mixed Platforms.Build.0 = Release|Any CPU
		{73B391C7-0C49-4947-BB9B-115AEE326088}.Release|x64.ActiveCfg = Release|x64
		{73B391C7-0C49-4947-BB9B-115AEE326088}.Release|x64.Build.0 = Release|x64
		{A9A4A921-FB08-4090-9B98-C0A9E06A4842}.Debug|Any CPU.ActiveCfg = Debug|Any CPU
		{A9A4A921-FB08-4090-9B98-C0A9E06A4842}.Debug|Any CPU.Build.0 = Debug|Any CPU
		{A9A4A921-FB08-4090-9B98-C0A9E06A4842}.Debug|Mixed Platforms.ActiveCfg = Debug|Any CPU
		{A9A4A921-FB08-4090-9B98-C0A9E06A4842}.Debug|Mixed Platforms.Build.0 = Debug|Any CPU
		{A9A4A921-FB08-4090-9B98-C0A9E06A4842}.Debug|x64.ActiveCfg = Debug|x64
		{A9A4A921-FB08-4090-9B98-C0A9E06A4842}.Debug|x64.Build.0 = Debug|x64
		{A9A4A921-FB08-4090-9B98-C0A9E06A4842}.Release|Any CPU.ActiveCfg = Release|Any CPU
		{A9A4A921-FB08-4090-9B98-C0A9E06A4842}.Release|Any CPU.Build.0 = Release|Any CPU
		{A9A4A921-FB08-4090-9B98-C0A9E06A4842}.Release|Mixed Platforms.ActiveCfg = Release|Any CPU
		{A9A4A921-FB08-4090-9B98-C0A9E06A4842}.Release|Mixed Platforms.Build.0 = Release|Any CPU
		{A9A4A921-FB08-4090-9B98-C0A9E06A4842}.Release|x64.ActiveCfg = Release|x64
		{A9A4A921-FB08-4090-9B98-C0A9E06A4842}.Release|x64.Build.0 = Release|x64
		{AF047E2E-E11C-448A-BCBE-9CDE27B1A678}.Debug|Any CPU.ActiveCfg = Debug|Any CPU
		{AF047E2E-E11C-448A-BCBE-9CDE27B1A678}.Debug|Any CPU.Build.0 = Debug|Any CPU
		{AF047E2E-E11C-448A-BCBE-9CDE27B1A678}.Debug|Mixed Platforms.ActiveCfg = Debug|Any CPU
		{AF047E2E-E11C-448A-BCBE-9CDE27B1A678}.Debug|Mixed Platforms.Build.0 = Debug|Any CPU
		{AF047E2E-E11C-448A-BCBE-9CDE27B1A678}.Debug|x64.ActiveCfg = Debug|x64
		{AF047E2E-E11C-448A-BCBE-9CDE27B1A678}.Debug|x64.Build.0 = Debug|x64
		{AF047E2E-E11C-448A-BCBE-9CDE27B1A678}.Release|Any CPU.ActiveCfg = Release|Any CPU
		{AF047E2E-E11C-448A-BCBE-9CDE27B1A678}.Release|Any CPU.Build.0 = Release|Any CPU
		{AF047E2E-E11C-448A-BCBE-9CDE27B1A678}.Release|Mixed Platforms.ActiveCfg = Release|Any CPU
		{AF047E2E-E11C-448A-BCBE-9CDE27B1A678}.Release|Mixed Platforms.Build.0 = Release|Any CPU
		{AF047E2E-E11C-448A-BCBE-9CDE27B1A678}.Release|x64.ActiveCfg = Release|x64
		{AF047E2E-E11C-448A-BCBE-9CDE27B1A678}.Release|x64.Build.0 = Release|x64
		{BC42273A-0FF4-47C6-A608-6C1AB490E04A}.Debug|Any CPU.ActiveCfg = Debug|Any CPU
		{BC42273A-0FF4-47C6-A608-6C1AB490E04A}.Debug|Any CPU.Build.0 = Debug|Any CPU
		{BC42273A-0FF4-47C6-A608-6C1AB490E04A}.Debug|Mixed Platforms.ActiveCfg = Debug|Any CPU
		{BC42273A-0FF4-47C6-A608-6C1AB490E04A}.Debug|Mixed Platforms.Build.0 = Debug|Any CPU
		{BC42273A-0FF4-47C6-A608-6C1AB490E04A}.Debug|x64.ActiveCfg = Debug|x64
		{BC42273A-0FF4-47C6-A608-6C1AB490E04A}.Debug|x64.Build.0 = Debug|x64
		{BC42273A-0FF4-47C6-A608-6C1AB490E04A}.Release|Any CPU.ActiveCfg = Release|Any CPU
		{BC42273A-0FF4-47C6-A608-6C1AB490E04A}.Release|Any CPU.Build.0 = Release|Any CPU
		{BC42273A-0FF4-47C6-A608-6C1AB490E04A}.Release|Mixed Platforms.ActiveCfg = Release|Any CPU
		{BC42273A-0FF4-47C6-A608-6C1AB490E04A}.Release|Mixed Platforms.Build.0 = Release|Any CPU
		{BC42273A-0FF4-47C6-A608-6C1AB490E04A}.Release|x64.ActiveCfg = Release|x64
		{BC42273A-0FF4-47C6-A608-6C1AB490E04A}.Release|x64.Build.0 = Release|x64
		{776B75BD-02A2-47DC-9A13-7A8B6552E4CE}.Debug|Any CPU.ActiveCfg = Debug|Any CPU
		{776B75BD-02A2-47DC-9A13-7A8B6552E4CE}.Debug|Any CPU.Build.0 = Debug|Any CPU
		{776B75BD-02A2-47DC-9A13-7A8B6552E4CE}.Debug|Mixed Platforms.ActiveCfg = Debug|Any CPU
		{776B75BD-02A2-47DC-9A13-7A8B6552E4CE}.Debug|Mixed Platforms.Build.0 = Debug|Any CPU
		{776B75BD-02A2-47DC-9A13-7A8B6552E4CE}.Debug|x64.ActiveCfg = Debug|x64
		{776B75BD-02A2-47DC-9A13-7A8B6552E4CE}.Debug|x64.Build.0 = Debug|x64
		{776B75BD-02A2-47DC-9A13-7A8B6552E4CE}.Release|Any CPU.ActiveCfg = Release|Any CPU
		{776B75BD-02A2-47DC-9A13-7A8B6552E4CE}.Release|Mixed Platforms.ActiveCfg = Release|Any CPU
		{776B75BD-02A2-47DC-9A13-7A8B6552E4CE}.Release|Mixed Platforms.Build.0 = Release|Any CPU
		{776B75BD-02A2-47DC-9A13-7A8B6552E4CE}.Release|x64.ActiveCfg = Release|x64
		{60B57F74-C556-41C7-BF31-E756647D4120}.Debug|Any CPU.ActiveCfg = Debug|Any CPU
		{60B57F74-C556-41C7-BF31-E756647D4120}.Debug|Any CPU.Build.0 = Debug|Any CPU
		{60B57F74-C556-41C7-BF31-E756647D4120}.Debug|Mixed Platforms.ActiveCfg = Debug|Any CPU
		{60B57F74-C556-41C7-BF31-E756647D4120}.Debug|Mixed Platforms.Build.0 = Debug|Any CPU
		{60B57F74-C556-41C7-BF31-E756647D4120}.Debug|x64.ActiveCfg = Debug|x64
		{60B57F74-C556-41C7-BF31-E756647D4120}.Debug|x64.Build.0 = Debug|x64
		{60B57F74-C556-41C7-BF31-E756647D4120}.Release|Any CPU.ActiveCfg = Release|Any CPU
		{60B57F74-C556-41C7-BF31-E756647D4120}.Release|Any CPU.Build.0 = Release|Any CPU
		{60B57F74-C556-41C7-BF31-E756647D4120}.Release|Mixed Platforms.ActiveCfg = Release|Any CPU
		{60B57F74-C556-41C7-BF31-E756647D4120}.Release|Mixed Platforms.Build.0 = Release|Any CPU
		{60B57F74-C556-41C7-BF31-E756647D4120}.Release|x64.ActiveCfg = Release|x64
		{60B57F74-C556-41C7-BF31-E756647D4120}.Release|x64.Build.0 = Release|x64
		{77B9A029-0EE9-4D1F-9D92-1C4D457CD530}.Debug|Any CPU.ActiveCfg = Debug|Any CPU
		{77B9A029-0EE9-4D1F-9D92-1C4D457CD530}.Debug|Any CPU.Build.0 = Debug|Any CPU
		{77B9A029-0EE9-4D1F-9D92-1C4D457CD530}.Debug|Mixed Platforms.ActiveCfg = Debug|Any CPU
		{77B9A029-0EE9-4D1F-9D92-1C4D457CD530}.Debug|Mixed Platforms.Build.0 = Debug|Any CPU
		{77B9A029-0EE9-4D1F-9D92-1C4D457CD530}.Debug|x64.ActiveCfg = Debug|Any CPU
		{77B9A029-0EE9-4D1F-9D92-1C4D457CD530}.Debug|x64.Build.0 = Debug|Any CPU
		{77B9A029-0EE9-4D1F-9D92-1C4D457CD530}.Release|Any CPU.ActiveCfg = Release|Any CPU
		{77B9A029-0EE9-4D1F-9D92-1C4D457CD530}.Release|Any CPU.Build.0 = Release|Any CPU
		{77B9A029-0EE9-4D1F-9D92-1C4D457CD530}.Release|Mixed Platforms.ActiveCfg = Release|Any CPU
		{77B9A029-0EE9-4D1F-9D92-1C4D457CD530}.Release|Mixed Platforms.Build.0 = Release|Any CPU
		{77B9A029-0EE9-4D1F-9D92-1C4D457CD530}.Release|x64.ActiveCfg = Release|Any CPU
		{77B9A029-0EE9-4D1F-9D92-1C4D457CD530}.Release|x64.Build.0 = Release|Any CPU
		{34186A23-2C39-4905-844D-4DF3D0985451}.Debug|Any CPU.ActiveCfg = Debug|Any CPU
		{34186A23-2C39-4905-844D-4DF3D0985451}.Debug|Any CPU.Build.0 = Debug|Any CPU
		{34186A23-2C39-4905-844D-4DF3D0985451}.Debug|Mixed Platforms.ActiveCfg = Debug|Any CPU
		{34186A23-2C39-4905-844D-4DF3D0985451}.Debug|Mixed Platforms.Build.0 = Debug|Any CPU
		{34186A23-2C39-4905-844D-4DF3D0985451}.Debug|x64.ActiveCfg = Debug|Any CPU
		{34186A23-2C39-4905-844D-4DF3D0985451}.Debug|x64.Build.0 = Debug|Any CPU
		{34186A23-2C39-4905-844D-4DF3D0985451}.Release|Any CPU.ActiveCfg = Release|Any CPU
		{34186A23-2C39-4905-844D-4DF3D0985451}.Release|Any CPU.Build.0 = Release|Any CPU
		{34186A23-2C39-4905-844D-4DF3D0985451}.Release|Mixed Platforms.ActiveCfg = Release|Any CPU
		{34186A23-2C39-4905-844D-4DF3D0985451}.Release|Mixed Platforms.Build.0 = Release|Any CPU
		{34186A23-2C39-4905-844D-4DF3D0985451}.Release|x64.ActiveCfg = Release|Any CPU
		{34186A23-2C39-4905-844D-4DF3D0985451}.Release|x64.Build.0 = Release|Any CPU
	EndGlobalSection
	GlobalSection(SolutionProperties) = preSolution
		HideSolutionNode = FALSE
	EndGlobalSection
	GlobalSection(NestedProjects) = preSolution
		{8EDD2050-80A7-47A5-9D5F-B5D5C0AC7A79} = {371B798D-F97E-402D-9624-DA69DA63AE38}
		{335C2CEC-B336-476C-9CFE-17DD52E81860} = {371B798D-F97E-402D-9624-DA69DA63AE38}
		{10B7DE48-1AE6-495B-BFE1-8DD676EAFFB5} = {371B798D-F97E-402D-9624-DA69DA63AE38}
		{DF45DF3F-0586-4ED6-88A1-C35499309191} = {637D3672-3E95-4BA0-A22B-919AB847F4F7}
		{0721456B-71F5-4606-AB29-CDD58AEA6DEC} = {80C42880-31F2-44E8-93BD-13BA15E6A7F6}
		{73B391C7-0C49-4947-BB9B-115AEE326088} = {80C42880-31F2-44E8-93BD-13BA15E6A7F6}
		{A9A4A921-FB08-4090-9B98-C0A9E06A4842} = {80C42880-31F2-44E8-93BD-13BA15E6A7F6}
		{AF047E2E-E11C-448A-BCBE-9CDE27B1A678} = {637D3672-3E95-4BA0-A22B-919AB847F4F7}
		{BC42273A-0FF4-47C6-A608-6C1AB490E04A} = {637D3672-3E95-4BA0-A22B-919AB847F4F7}
		{74349D22-E179-4A00-8995-63F7EE7DFA73} = {371B798D-F97E-402D-9624-DA69DA63AE38}
		{776B75BD-02A2-47DC-9A13-7A8B6552E4CE} = {74349D22-E179-4A00-8995-63F7EE7DFA73}
		{60B57F74-C556-41C7-BF31-E756647D4120} = {371B798D-F97E-402D-9624-DA69DA63AE38}
		{77B9A029-0EE9-4D1F-9D92-1C4D457CD530} = {637D3672-3E95-4BA0-A22B-919AB847F4F7}
		{34186A23-2C39-4905-844D-4DF3D0985451} = {74349D22-E179-4A00-8995-63F7EE7DFA73}
	EndGlobalSection
EndGlobal
